
Microsoft Visual Studio Solution File, Format Version 12.00
# Visual Studio 15
VisualStudioVersion = 15.0.28307.168
MinimumVisualStudioVersion = 10.0.40219.1
Project("{9A19103F-16F7-4668-BE54-9A1E7A4F7556}") = "NiceShop.Web", "NiceShop.Web\NiceShop.Web.csproj", "{F211DD24-1615-40FD-943C-1058ECCEC659}"
EndProject
Project("{9A19103F-16F7-4668-BE54-9A1E7A4F7556}") = "NiceShop.Data", "NiceShop.Data\NiceShop.Data.csproj", "{F35B9106-0257-4B64-AEE8-77DE5882B81E}"
EndProject
Project("{9A19103F-16F7-4668-BE54-9A1E7A4F7556}") = "NiceShop.Data.Models", "NiceShop.Data.Models\NiceShop.Data.Models.csproj", "{EC5115BE-B9B0-4D37-954A-0A2FE18EAA43}"
EndProject
Project("{9A19103F-16F7-4668-BE54-9A1E7A4F7556}") = "NiceShop.Data.Services", "NiceShop.Data.Services\NiceShop.Data.Services.csproj", "{7D862D19-8215-4A2F-A4A7-4BFA6F0336D5}"
EndProject
Project("{9A19103F-16F7-4668-BE54-9A1E7A4F7556}") = "NiceShop.AutoMapping", "NiceShop.AutoMapping\NiceShop.AutoMapping.csproj", "{3AFC3D46-7B12-4989-92F7-EF4AE5C99C14}"
EndProject
Project("{9A19103F-16F7-4668-BE54-9A1E7A4F7556}") = "NiceShop.Web.Models", "NiceShop.ViewModels\NiceShop.Web.Models.csproj", "{872D7806-F66D-4CD7-9D12-489AB02212C8}"
EndProject
Project("{FAE04EC0-301F-11D3-BF4B-00C04F79EFBC}") = "NiceShop.Web.Services", "NiceShop.Web.Services\NiceShop.Web.Services.csproj", "{9166D356-B014-4A32-B70D-F7F3EB655770}"
EndProject
Global
	GlobalSection(SolutionConfigurationPlatforms) = preSolution
		Debug|Any CPU = Debug|Any CPU
		Release|Any CPU = Release|Any CPU
	EndGlobalSection
	GlobalSection(ProjectConfigurationPlatforms) = postSolution
		{F211DD24-1615-40FD-943C-1058ECCEC659}.Debug|Any CPU.ActiveCfg = Debug|Any CPU
		{F211DD24-1615-40FD-943C-1058ECCEC659}.Debug|Any CPU.Build.0 = Debug|Any CPU
		{F211DD24-1615-40FD-943C-1058ECCEC659}.Release|Any CPU.ActiveCfg = Release|Any CPU
		{F211DD24-1615-40FD-943C-1058ECCEC659}.Release|Any CPU.Build.0 = Release|Any CPU
		{F35B9106-0257-4B64-AEE8-77DE5882B81E}.Debug|Any CPU.ActiveCfg = Debug|Any CPU
		{F35B9106-0257-4B64-AEE8-77DE5882B81E}.Debug|Any CPU.Build.0 = Debug|Any CPU
		{F35B9106-0257-4B64-AEE8-77DE5882B81E}.Release|Any CPU.ActiveCfg = Release|Any CPU
		{F35B9106-0257-4B64-AEE8-77DE5882B81E}.Release|Any CPU.Build.0 = Release|Any CPU
		{EC5115BE-B9B0-4D37-954A-0A2FE18EAA43}.Debug|Any CPU.ActiveCfg = Debug|Any CPU
		{EC5115BE-B9B0-4D37-954A-0A2FE18EAA43}.Debug|Any CPU.Build.0 = Debug|Any CPU
		{EC5115BE-B9B0-4D37-954A-0A2FE18EAA43}.Release|Any CPU.ActiveCfg = Release|Any CPU
		{EC5115BE-B9B0-4D37-954A-0A2FE18EAA43}.Release|Any CPU.Build.0 = Release|Any CPU
		{7D862D19-8215-4A2F-A4A7-4BFA6F0336D5}.Debug|Any CPU.ActiveCfg = Debug|Any CPU
		{7D862D19-8215-4A2F-A4A7-4BFA6F0336D5}.Debug|Any CPU.Build.0 = Debug|Any CPU
		{7D862D19-8215-4A2F-A4A7-4BFA6F0336D5}.Release|Any CPU.ActiveCfg = Release|Any CPU
		{7D862D19-8215-4A2F-A4A7-4BFA6F0336D5}.Release|Any CPU.Build.0 = Release|Any CPU
		{3AFC3D46-7B12-4989-92F7-EF4AE5C99C14}.Debug|Any CPU.ActiveCfg = Debug|Any CPU
		{3AFC3D46-7B12-4989-92F7-EF4AE5C99C14}.Debug|Any CPU.Build.0 = Debug|Any CPU
		{3AFC3D46-7B12-4989-92F7-EF4AE5C99C14}.Release|Any CPU.ActiveCfg = Release|Any CPU
		{3AFC3D46-7B12-4989-92F7-EF4AE5C99C14}.Release|Any CPU.Build.0 = Release|Any CPU
		{872D7806-F66D-4CD7-9D12-489AB02212C8}.Debug|Any CPU.ActiveCfg = Debug|Any CPU
		{872D7806-F66D-4CD7-9D12-489AB02212C8}.Debug|Any CPU.Build.0 = Debug|Any CPU
		{872D7806-F66D-4CD7-9D12-489AB02212C8}.Release|Any CPU.ActiveCfg = Release|Any CPU
		{872D7806-F66D-4CD7-9D12-489AB02212C8}.Release|Any CPU.Build.0 = Release|Any CPU
		{9166D356-B014-4A32-B70D-F7F3EB655770}.Debug|Any CPU.ActiveCfg = Debug|Any CPU
		{9166D356-B014-4A32-B70D-F7F3EB655770}.Debug|Any CPU.Build.0 = Debug|Any CPU
		{9166D356-B014-4A32-B70D-F7F3EB655770}.Release|Any CPU.ActiveCfg = Release|Any CPU
		{9166D356-B014-4A32-B70D-F7F3EB655770}.Release|Any CPU.Build.0 = Release|Any CPU
	EndGlobalSection
	GlobalSection(SolutionProperties) = preSolution
		HideSolutionNode = FALSE
	EndGlobalSection
	GlobalSection(ExtensibilityGlobals) = postSolution
		SolutionGuid = {5A9BF4BE-1934-4CAE-B677-D5440D3D617E}
	EndGlobalSection
EndGlobal
